
Microsoft Visual Studio Solution File, Format Version 12.00
# Visual Studio Version 17
VisualStudioVersion = 17.4.33122.133
MinimumVisualStudioVersion = 10.0.40219.1
Project("{9A19103F-16F7-4668-BE54-9A1E7A4F7556}") = "WebApiAgenda", "WebApiAgenda\WebApiAgenda.csproj", "{9EBD4D89-7723-4B44-880B-688CFDBDA768}"
EndProject
Project("{9A19103F-16F7-4668-BE54-9A1E7A4F7556}") = "Domian", "Domian\Domian.csproj", "{F1AE4E55-BFA7-4AC6-9743-F380E818E0B7}"
EndProject
Project("{9A19103F-16F7-4668-BE54-9A1E7A4F7556}") = "Repository", "Repository\Repository.csproj", "{585F3429-814A-4F2E-ADC3-0D31719B6856}"
EndProject
Project("{9A19103F-16F7-4668-BE54-9A1E7A4F7556}") = "Data", "Data\Data.csproj", "{CB13392E-BF00-40BB-A1AA-40F7565FD0F7}"
EndProject
Project("{FAE04EC0-301F-11D3-BF4B-00C04F79EFBC}") = "WebApiAgenda.Test", "WebApiAgenda.Test\WebApiAgenda.Test.csproj", "{8880838F-841C-44B6-80EA-1EB604229E7B}"
EndProject
Global
	GlobalSection(SolutionConfigurationPlatforms) = preSolution
		Debug|Any CPU = Debug|Any CPU
		Release|Any CPU = Release|Any CPU
	EndGlobalSection
	GlobalSection(ProjectConfigurationPlatforms) = postSolution
		{9EBD4D89-7723-4B44-880B-688CFDBDA768}.Debug|Any CPU.ActiveCfg = Debug|Any CPU
		{9EBD4D89-7723-4B44-880B-688CFDBDA768}.Debug|Any CPU.Build.0 = Debug|Any CPU
		{9EBD4D89-7723-4B44-880B-688CFDBDA768}.Release|Any CPU.ActiveCfg = Release|Any CPU
		{9EBD4D89-7723-4B44-880B-688CFDBDA768}.Release|Any CPU.Build.0 = Release|Any CPU
		{F1AE4E55-BFA7-4AC6-9743-F380E818E0B7}.Debug|Any CPU.ActiveCfg = Debug|Any CPU
		{F1AE4E55-BFA7-4AC6-9743-F380E818E0B7}.Debug|Any CPU.Build.0 = Debug|Any CPU
		{F1AE4E55-BFA7-4AC6-9743-F380E818E0B7}.Release|Any CPU.ActiveCfg = Release|Any CPU
		{F1AE4E55-BFA7-4AC6-9743-F380E818E0B7}.Release|Any CPU.Build.0 = Release|Any CPU
		{585F3429-814A-4F2E-ADC3-0D31719B6856}.Debug|Any CPU.ActiveCfg = Debug|Any CPU
		{585F3429-814A-4F2E-ADC3-0D31719B6856}.Debug|Any CPU.Build.0 = Debug|Any CPU
		{585F3429-814A-4F2E-ADC3-0D31719B6856}.Release|Any CPU.ActiveCfg = Release|Any CPU
		{585F3429-814A-4F2E-ADC3-0D31719B6856}.Release|Any CPU.Build.0 = Release|Any CPU
		{CB13392E-BF00-40BB-A1AA-40F7565FD0F7}.Debug|Any CPU.ActiveCfg = Debug|Any CPU
		{CB13392E-BF00-40BB-A1AA-40F7565FD0F7}.Debug|Any CPU.Build.0 = Debug|Any CPU
		{CB13392E-BF00-40BB-A1AA-40F7565FD0F7}.Release|Any CPU.ActiveCfg = Release|Any CPU
		{CB13392E-BF00-40BB-A1AA-40F7565FD0F7}.Release|Any CPU.Build.0 = Release|Any CPU
		{8880838F-841C-44B6-80EA-1EB604229E7B}.Debug|Any CPU.ActiveCfg = Debug|Any CPU
		{8880838F-841C-44B6-80EA-1EB604229E7B}.Debug|Any CPU.Build.0 = Debug|Any CPU
		{8880838F-841C-44B6-80EA-1EB604229E7B}.Release|Any CPU.ActiveCfg = Release|Any CPU
		{8880838F-841C-44B6-80EA-1EB604229E7B}.Release|Any CPU.Build.0 = Release|Any CPU
	EndGlobalSection
	GlobalSection(SolutionProperties) = preSolution
		HideSolutionNode = FALSE
	EndGlobalSection
	GlobalSection(ExtensibilityGlobals) = postSolution
		SolutionGuid = {10AD2EFE-E5A8-44BB-A934-500D1913B2D0}
	EndGlobalSection
EndGlobal
